
Microsoft Visual Studio Solution File, Format Version 12.00
# Visual Studio Version 16
VisualStudioVersion = 16.0.29609.76
MinimumVisualStudioVersion = 10.0.40219.1
Project("{9A19103F-16F7-4668-BE54-9A1E7A4F7556}") = "OnlineAfspraken", "OnlineAfspraken\OnlineAfspraken.csproj", "{D55B2785-1DDC-4BC8-BA58-4FB537692E3D}"
EndProject
Project("{FAE04EC0-301F-11D3-BF4B-00C04F79EFBC}") = "ApiTester", "ApiTester\ApiTester.csproj", "{6F88A8DC-42B1-4BE4-8391-53D60E56ED98}"
EndProject
Global
	GlobalSection(SolutionConfigurationPlatforms) = preSolution
		Debug|Any CPU = Debug|Any CPU
		Release|Any CPU = Release|Any CPU
	EndGlobalSection
	GlobalSection(ProjectConfigurationPlatforms) = postSolution
		{D55B2785-1DDC-4BC8-BA58-4FB537692E3D}.Debug|Any CPU.ActiveCfg = Debug|Any CPU
		{D55B2785-1DDC-4BC8-BA58-4FB537692E3D}.Debug|Any CPU.Build.0 = Debug|Any CPU
		{D55B2785-1DDC-4BC8-BA58-4FB537692E3D}.Release|Any CPU.ActiveCfg = Release|Any CPU
		{D55B2785-1DDC-4BC8-BA58-4FB537692E3D}.Release|Any CPU.Build.0 = Release|Any CPU
		{6F88A8DC-42B1-4BE4-8391-53D60E56ED98}.Debug|Any CPU.ActiveCfg = Debug|Any CPU
		{6F88A8DC-42B1-4BE4-8391-53D60E56ED98}.Debug|Any CPU.Build.0 = Debug|Any CPU
		{6F88A8DC-42B1-4BE4-8391-53D60E56ED98}.Release|Any CPU.ActiveCfg = Release|Any CPU
		{6F88A8DC-42B1-4BE4-8391-53D60E56ED98}.Release|Any CPU.Build.0 = Release|Any CPU
	EndGlobalSection
	GlobalSection(SolutionProperties) = preSolution
		HideSolutionNode = FALSE
	EndGlobalSection
	GlobalSection(ExtensibilityGlobals) = postSolution
		SolutionGuid = {E4A96B3E-9A51-47F2-A70F-3815800BA3B8}
	EndGlobalSection
EndGlobal
